// !$*UTF8*$!
{
	archiveVersion = 1;
	classes = {
	};
	objectVersion = 56;
	objects = {

/* Begin PBXBuildFile section */
		D816794A2A24800D0005B7CE /* HardCodedDetails.swift in Sources */ = {isa = PBXBuildFile; fileRef = D81679492A24800D0005B7CE /* HardCodedDetails.swift */; };
		D816794E2A25796D0005B7CE /* UserCollectionTableViewCell.swift in Sources */ = {isa = PBXBuildFile; fileRef = D816794D2A25796D0005B7CE /* UserCollectionTableViewCell.swift */; };
		D81679512A2587030005B7CE /* CardImageModel.xcdatamodeld in Sources */ = {isa = PBXBuildFile; fileRef = D816794F2A2587030005B7CE /* CardImageModel.xcdatamodeld */; };
		D81679542A258B590005B7CE /* CardImageMetaData+CoreDataClass.swift in Sources */ = {isa = PBXBuildFile; fileRef = D81679522A258B590005B7CE /* CardImageMetaData+CoreDataClass.swift */; };
		D81679552A258B590005B7CE /* CardImageMetaData+CoreDataProperties.swift in Sources */ = {isa = PBXBuildFile; fileRef = D81679532A258B590005B7CE /* CardImageMetaData+CoreDataProperties.swift */; };
		D8769E0E2A29ADFB00F6561B /* EditProfileViewController.swift in Sources */ = {isa = PBXBuildFile; fileRef = D8769E0D2A29ADFB00F6561B /* EditProfileViewController.swift */; };
		D882272829FCD47700698EAE /* AppDelegate.swift in Sources */ = {isa = PBXBuildFile; fileRef = D882272729FCD47700698EAE /* AppDelegate.swift */; };
		D882272A29FCD47700698EAE /* SceneDelegate.swift in Sources */ = {isa = PBXBuildFile; fileRef = D882272929FCD47700698EAE /* SceneDelegate.swift */; };
		D882272C29FCD47700698EAE /* TabBarController.swift in Sources */ = {isa = PBXBuildFile; fileRef = D882272B29FCD47700698EAE /* TabBarController.swift */; };
		D882272F29FCD47700698EAE /* Main.storyboard in Resources */ = {isa = PBXBuildFile; fileRef = D882272D29FCD47700698EAE /* Main.storyboard */; };
		D882273129FCD47800698EAE /* Assets.xcassets in Resources */ = {isa = PBXBuildFile; fileRef = D882273029FCD47800698EAE /* Assets.xcassets */; };
		D882273429FCD47800698EAE /* LaunchScreen.storyboard in Resources */ = {isa = PBXBuildFile; fileRef = D882273229FCD47800698EAE /* LaunchScreen.storyboard */; };
		D882273C29FD53BA00698EAE /* AllTeamsCollectionViewController.swift in Sources */ = {isa = PBXBuildFile; fileRef = D882273B29FD53BA00698EAE /* AllTeamsCollectionViewController.swift */; };
		D882273F29FD55E900698EAE /* FirebaseAuth in Frameworks */ = {isa = PBXBuildFile; productRef = D882273E29FD55E900698EAE /* FirebaseAuth */; };
		D882274129FD55E900698EAE /* FirebaseFirestore in Frameworks */ = {isa = PBXBuildFile; productRef = D882274029FD55E900698EAE /* FirebaseFirestore */; };
		D882274329FD55E900698EAE /* FirebaseFirestoreSwift in Frameworks */ = {isa = PBXBuildFile; productRef = D882274229FD55E900698EAE /* FirebaseFirestoreSwift */; };
		D882274529FD55E900698EAE /* FirebaseStorage in Frameworks */ = {isa = PBXBuildFile; productRef = D882274429FD55E900698EAE /* FirebaseStorage */; };
		D882274729FD56BD00698EAE /* FirebaseController.swift in Sources */ = {isa = PBXBuildFile; fileRef = D882274629FD56BD00698EAE /* FirebaseController.swift */; };
		D882274929FD5FCA00698EAE /* TeamsCollectionViewCell.swift in Sources */ = {isa = PBXBuildFile; fileRef = D882274829FD5FCA00698EAE /* TeamsCollectionViewCell.swift */; };
		D882274B29FD645600698EAE /* GoogleService-Info.plist in Resources */ = {isa = PBXBuildFile; fileRef = D882274A29FD645600698EAE /* GoogleService-Info.plist */; };
		D89BA76A2A262801008875A4 /* CardViewController.swift in Sources */ = {isa = PBXBuildFile; fileRef = D89BA7692A262801008875A4 /* CardViewController.swift */; };
		D8B9DA532A2882BD008BC6A9 /* ProfileImageMetaData+CoreDataClass.swift in Sources */ = {isa = PBXBuildFile; fileRef = D8B9DA512A2882BD008BC6A9 /* ProfileImageMetaData+CoreDataClass.swift */; };
		D8B9DA542A2882BD008BC6A9 /* ProfileImageMetaData+CoreDataProperties.swift in Sources */ = {isa = PBXBuildFile; fileRef = D8B9DA522A2882BD008BC6A9 /* ProfileImageMetaData+CoreDataProperties.swift */; };
		D8C2A1712A2A18050021B64A /* AccountTableViewCell.swift in Sources */ = {isa = PBXBuildFile; fileRef = D8C2A1702A2A18050021B64A /* AccountTableViewCell.swift */; };
		D8C2A1752A2A20EE0021B64A /* ChangeDetailViewController.swift in Sources */ = {isa = PBXBuildFile; fileRef = D8C2A1742A2A20EE0021B64A /* ChangeDetailViewController.swift */; };
		D8CAE9A32A2254320029C9FD /* MulticasDelegate.swift in Sources */ = {isa = PBXBuildFile; fileRef = D8CAE9A22A2254320029C9FD /* MulticasDelegate.swift */; };
		D8CAE9A52A22550C0029C9FD /* LoginViewController.swift in Sources */ = {isa = PBXBuildFile; fileRef = D8CAE9A42A22550C0029C9FD /* LoginViewController.swift */; };
		D8CAE9A92A22575A0029C9FD /* DatabaseProtocol.swift in Sources */ = {isa = PBXBuildFile; fileRef = D8CAE9A82A22575A0029C9FD /* DatabaseProtocol.swift */; };
		D8CAE9AC2A2258010029C9FD /* Card.swift in Sources */ = {isa = PBXBuildFile; fileRef = D8CAE9AB2A2258010029C9FD /* Card.swift */; };
		D8CAE9B02A225FA80029C9FD /* UIViewConExtension.swift in Sources */ = {isa = PBXBuildFile; fileRef = D8CAE9AF2A225FA80029C9FD /* UIViewConExtension.swift */; };
		D8EF797E2A2321BF006A9D16 /* SignUpViewController.swift in Sources */ = {isa = PBXBuildFile; fileRef = D8EF797D2A2321BF006A9D16 /* SignUpViewController.swift */; };
		D8EF79802A23440A006A9D16 /* User.swift in Sources */ = {isa = PBXBuildFile; fileRef = D8EF797F2A23440A006A9D16 /* User.swift */; };
		D8EF79842A23953F006A9D16 /* ProfileViewController.swift in Sources */ = {isa = PBXBuildFile; fileRef = D8EF79832A23953F006A9D16 /* ProfileViewController.swift */; };
		D8EF79862A24449E006A9D16 /* AddCardViewController.swift in Sources */ = {isa = PBXBuildFile; fileRef = D8EF79852A24449E006A9D16 /* AddCardViewController.swift */; };
		D8EF798A2A244608006A9D16 /* UserCollectionsTableViewController.swift in Sources */ = {isa = PBXBuildFile; fileRef = D8EF79892A244608006A9D16 /* UserCollectionsTableViewController.swift */; };
/* End PBXBuildFile section */

/* Begin PBXFileReference section */
		D81679492A24800D0005B7CE /* HardCodedDetails.swift */ = {isa = PBXFileReference; lastKnownFileType = sourcecode.swift; path = HardCodedDetails.swift; sourceTree = "<group>"; };
		D816794D2A25796D0005B7CE /* UserCollectionTableViewCell.swift */ = {isa = PBXFileReference; lastKnownFileType = sourcecode.swift; path = UserCollectionTableViewCell.swift; sourceTree = "<group>"; };
		D81679502A2587030005B7CE /* CardImageModel.xcdatamodel */ = {isa = PBXFileReference; lastKnownFileType = wrapper.xcdatamodel; path = CardImageModel.xcdatamodel; sourceTree = "<group>"; };
		D81679522A258B590005B7CE /* CardImageMetaData+CoreDataClass.swift */ = {isa = PBXFileReference; lastKnownFileType = sourcecode.swift; path = "CardImageMetaData+CoreDataClass.swift"; sourceTree = "<group>"; };
		D81679532A258B590005B7CE /* CardImageMetaData+CoreDataProperties.swift */ = {isa = PBXFileReference; lastKnownFileType = sourcecode.swift; path = "CardImageMetaData+CoreDataProperties.swift"; sourceTree = "<group>"; };
		D8769E0D2A29ADFB00F6561B /* EditProfileViewController.swift */ = {isa = PBXFileReference; lastKnownFileType = sourcecode.swift; path = EditProfileViewController.swift; sourceTree = "<group>"; };
		D882272429FCD47700698EAE /* CourtCache.app */ = {isa = PBXFileReference; explicitFileType = wrapper.application; includeInIndex = 0; path = CourtCache.app; sourceTree = BUILT_PRODUCTS_DIR; };
		D882272729FCD47700698EAE /* AppDelegate.swift */ = {isa = PBXFileReference; lastKnownFileType = sourcecode.swift; path = AppDelegate.swift; sourceTree = "<group>"; };
		D882272929FCD47700698EAE /* SceneDelegate.swift */ = {isa = PBXFileReference; lastKnownFileType = sourcecode.swift; path = SceneDelegate.swift; sourceTree = "<group>"; };
		D882272B29FCD47700698EAE /* TabBarController.swift */ = {isa = PBXFileReference; lastKnownFileType = sourcecode.swift; path = TabBarController.swift; sourceTree = "<group>"; };
		D882272E29FCD47700698EAE /* Base */ = {isa = PBXFileReference; lastKnownFileType = file.storyboard; name = Base; path = Base.lproj/Main.storyboard; sourceTree = "<group>"; };
		D882273029FCD47800698EAE /* Assets.xcassets */ = {isa = PBXFileReference; lastKnownFileType = folder.assetcatalog; path = Assets.xcassets; sourceTree = "<group>"; };
		D882273329FCD47800698EAE /* Base */ = {isa = PBXFileReference; lastKnownFileType = file.storyboard; name = Base; path = Base.lproj/LaunchScreen.storyboard; sourceTree = "<group>"; };
		D882273529FCD47800698EAE /* Info.plist */ = {isa = PBXFileReference; lastKnownFileType = text.plist.xml; path = Info.plist; sourceTree = "<group>"; };
		D882273B29FD53BA00698EAE /* AllTeamsCollectionViewController.swift */ = {isa = PBXFileReference; lastKnownFileType = sourcecode.swift; path = AllTeamsCollectionViewController.swift; sourceTree = "<group>"; };
		D882274629FD56BD00698EAE /* FirebaseController.swift */ = {isa = PBXFileReference; lastKnownFileType = sourcecode.swift; path = FirebaseController.swift; sourceTree = "<group>"; };
		D882274829FD5FCA00698EAE /* TeamsCollectionViewCell.swift */ = {isa = PBXFileReference; lastKnownFileType = sourcecode.swift; path = TeamsCollectionViewCell.swift; sourceTree = "<group>"; };
		D882274A29FD645600698EAE /* GoogleService-Info.plist */ = {isa = PBXFileReference; fileEncoding = 4; lastKnownFileType = text.plist.xml; path = "GoogleService-Info.plist"; sourceTree = "<group>"; };
		D89BA7692A262801008875A4 /* CardViewController.swift */ = {isa = PBXFileReference; lastKnownFileType = sourcecode.swift; path = CardViewController.swift; sourceTree = "<group>"; };
		D8B9DA512A2882BD008BC6A9 /* ProfileImageMetaData+CoreDataClass.swift */ = {isa = PBXFileReference; lastKnownFileType = sourcecode.swift; path = "ProfileImageMetaData+CoreDataClass.swift"; sourceTree = "<group>"; };
		D8B9DA522A2882BD008BC6A9 /* ProfileImageMetaData+CoreDataProperties.swift */ = {isa = PBXFileReference; lastKnownFileType = sourcecode.swift; path = "ProfileImageMetaData+CoreDataProperties.swift"; sourceTree = "<group>"; };
		D8C2A1702A2A18050021B64A /* AccountTableViewCell.swift */ = {isa = PBXFileReference; lastKnownFileType = sourcecode.swift; path = AccountTableViewCell.swift; sourceTree = "<group>"; };
		D8C2A1742A2A20EE0021B64A /* ChangeDetailViewController.swift */ = {isa = PBXFileReference; lastKnownFileType = sourcecode.swift; path = ChangeDetailViewController.swift; sourceTree = "<group>"; };
		D8CAE9A22A2254320029C9FD /* MulticasDelegate.swift */ = {isa = PBXFileReference; lastKnownFileType = sourcecode.swift; path = MulticasDelegate.swift; sourceTree = "<group>"; };
		D8CAE9A42A22550C0029C9FD /* LoginViewController.swift */ = {isa = PBXFileReference; lastKnownFileType = sourcecode.swift; path = LoginViewController.swift; sourceTree = "<group>"; };
		D8CAE9A82A22575A0029C9FD /* DatabaseProtocol.swift */ = {isa = PBXFileReference; lastKnownFileType = sourcecode.swift; path = DatabaseProtocol.swift; sourceTree = "<group>"; };
		D8CAE9AB2A2258010029C9FD /* Card.swift */ = {isa = PBXFileReference; lastKnownFileType = sourcecode.swift; path = Card.swift; sourceTree = "<group>"; };
		D8CAE9AF2A225FA80029C9FD /* UIViewConExtension.swift */ = {isa = PBXFileReference; lastKnownFileType = sourcecode.swift; path = UIViewConExtension.swift; sourceTree = "<group>"; };
		D8EF797D2A2321BF006A9D16 /* SignUpViewController.swift */ = {isa = PBXFileReference; lastKnownFileType = sourcecode.swift; path = SignUpViewController.swift; sourceTree = "<group>"; };
		D8EF797F2A23440A006A9D16 /* User.swift */ = {isa = PBXFileReference; lastKnownFileType = sourcecode.swift; path = User.swift; sourceTree = "<group>"; };
		D8EF79832A23953F006A9D16 /* ProfileViewController.swift */ = {isa = PBXFileReference; lastKnownFileType = sourcecode.swift; path = ProfileViewController.swift; sourceTree = "<group>"; };
		D8EF79852A24449E006A9D16 /* AddCardViewController.swift */ = {isa = PBXFileReference; lastKnownFileType = sourcecode.swift; path = AddCardViewController.swift; sourceTree = "<group>"; };
		D8EF79892A244608006A9D16 /* UserCollectionsTableViewController.swift */ = {isa = PBXFileReference; lastKnownFileType = sourcecode.swift; path = UserCollectionsTableViewController.swift; sourceTree = "<group>"; };
/* End PBXFileReference section */

/* Begin PBXFrameworksBuildPhase section */
		D882272129FCD47700698EAE /* Frameworks */ = {
			isa = PBXFrameworksBuildPhase;
			buildActionMask = 2147483647;
			files = (
				D882273F29FD55E900698EAE /* FirebaseAuth in Frameworks */,
				D882274529FD55E900698EAE /* FirebaseStorage in Frameworks */,
				D882274129FD55E900698EAE /* FirebaseFirestore in Frameworks */,
				D882274329FD55E900698EAE /* FirebaseFirestoreSwift in Frameworks */,
			);
			runOnlyForDeploymentPostprocessing = 0;
		};
/* End PBXFrameworksBuildPhase section */

/* Begin PBXGroup section */
		D882271B29FCD47700698EAE = {
			isa = PBXGroup;
			children = (
				D882272629FCD47700698EAE /* CourtCache */,
				D882272529FCD47700698EAE /* Products */,
			);
			sourceTree = "<group>";
		};
		D882272529FCD47700698EAE /* Products */ = {
			isa = PBXGroup;
			children = (
				D882272429FCD47700698EAE /* CourtCache.app */,
			);
			name = Products;
			sourceTree = "<group>";
		};
		D882272629FCD47700698EAE /* CourtCache */ = {
			isa = PBXGroup;
			children = (
				D8CAE9A62A2255190029C9FD /* Database */,
				D8CAE9AA2A2257ED0029C9FD /* Objects */,
				D882272729FCD47700698EAE /* AppDelegate.swift */,
				D882272929FCD47700698EAE /* SceneDelegate.swift */,
				D882272D29FCD47700698EAE /* Main.storyboard */,
				D882273029FCD47800698EAE /* Assets.xcassets */,
				D882273229FCD47800698EAE /* LaunchScreen.storyboard */,
				D882273529FCD47800698EAE /* Info.plist */,
				D81679492A24800D0005B7CE /* HardCodedDetails.swift */,
				D8EF79822A239527006A9D16 /* AllTeamsViewCons */,
				D8EF79872A2444A2006A9D16 /* UserCollectionCons */,
				D8EF79882A2444D5006A9D16 /* ProfileViewCons */,
				D8CAE9A72A2255310029C9FD /* Authentication */,
				D8EF79812A2390B5006A9D16 /* Misc Controllers */,
			);
			path = CourtCache;
			sourceTree = "<group>";
		};
		D8CAE9A62A2255190029C9FD /* Database */ = {
			isa = PBXGroup;
			children = (
				D882274A29FD645600698EAE /* GoogleService-Info.plist */,
				D8CAE9A22A2254320029C9FD /* MulticasDelegate.swift */,
				D882274629FD56BD00698EAE /* FirebaseController.swift */,
				D8CAE9A82A22575A0029C9FD /* DatabaseProtocol.swift */,
				D816794F2A2587030005B7CE /* CardImageModel.xcdatamodeld */,
				D8B9DA512A2882BD008BC6A9 /* ProfileImageMetaData+CoreDataClass.swift */,
				D8B9DA522A2882BD008BC6A9 /* ProfileImageMetaData+CoreDataProperties.swift */,
				D81679532A258B590005B7CE /* CardImageMetaData+CoreDataProperties.swift */,
				D81679522A258B590005B7CE /* CardImageMetaData+CoreDataClass.swift */,
			);
			path = Database;
			sourceTree = "<group>";
		};
		D8CAE9A72A2255310029C9FD /* Authentication */ = {
			isa = PBXGroup;
			children = (
				D8CAE9A42A22550C0029C9FD /* LoginViewController.swift */,
				D8EF797D2A2321BF006A9D16 /* SignUpViewController.swift */,
			);
			path = Authentication;
			sourceTree = "<group>";
		};
		D8CAE9AA2A2257ED0029C9FD /* Objects */ = {
			isa = PBXGroup;
			children = (
				D8CAE9AB2A2258010029C9FD /* Card.swift */,
				D8EF797F2A23440A006A9D16 /* User.swift */,
			);
			path = Objects;
			sourceTree = "<group>";
		};
		D8EF79812A2390B5006A9D16 /* Misc Controllers */ = {
			isa = PBXGroup;
			children = (
				D882274829FD5FCA00698EAE /* TeamsCollectionViewCell.swift */,
				D882272B29FCD47700698EAE /* TabBarController.swift */,
				D8CAE9AF2A225FA80029C9FD /* UIViewConExtension.swift */,
			);
			path = "Misc Controllers";
			sourceTree = "<group>";
		};
		D8EF79822A239527006A9D16 /* AllTeamsViewCons */ = {
			isa = PBXGroup;
			children = (
				D882273B29FD53BA00698EAE /* AllTeamsCollectionViewController.swift */,
			);
			path = AllTeamsViewCons;
			sourceTree = "<group>";
		};
		D8EF79872A2444A2006A9D16 /* UserCollectionCons */ = {
			isa = PBXGroup;
			children = (
				D8EF79892A244608006A9D16 /* UserCollectionsTableViewController.swift */,
				D8EF79852A24449E006A9D16 /* AddCardViewController.swift */,
				D816794D2A25796D0005B7CE /* UserCollectionTableViewCell.swift */,
				D89BA7692A262801008875A4 /* CardViewController.swift */,
			);
			path = UserCollectionCons;
			sourceTree = "<group>";
		};
		D8EF79882A2444D5006A9D16 /* ProfileViewCons */ = {
			isa = PBXGroup;
			children = (
				D8EF79832A23953F006A9D16 /* ProfileViewController.swift */,
				D8769E0D2A29ADFB00F6561B /* EditProfileViewController.swift */,
				D8C2A1702A2A18050021B64A /* AccountTableViewCell.swift */,
				D8C2A1742A2A20EE0021B64A /* ChangeDetailViewController.swift */,
			);
			path = ProfileViewCons;
			sourceTree = "<group>";
		};
/* End PBXGroup section */

/* Begin PBXNativeTarget section */
		D882272329FCD47700698EAE /* CourtCache */ = {
			isa = PBXNativeTarget;
			buildConfigurationList = D882273829FCD47800698EAE /* Build configuration list for PBXNativeTarget "CourtCache" */;
			buildPhases = (
				D882272029FCD47700698EAE /* Sources */,
				D882272129FCD47700698EAE /* Frameworks */,
				D882272229FCD47700698EAE /* Resources */,
			);
			buildRules = (
			);
			dependencies = (
			);
			name = CourtCache;
			packageProductDependencies = (
				D882273E29FD55E900698EAE /* FirebaseAuth */,
				D882274029FD55E900698EAE /* FirebaseFirestore */,
				D882274229FD55E900698EAE /* FirebaseFirestoreSwift */,
				D882274429FD55E900698EAE /* FirebaseStorage */,
			);
			productName = CourtCache;
			productReference = D882272429FCD47700698EAE /* CourtCache.app */;
			productType = "com.apple.product-type.application";
		};
/* End PBXNativeTarget section */

/* Begin PBXProject section */
		D882271C29FCD47700698EAE /* Project object */ = {
			isa = PBXProject;
			attributes = {
				BuildIndependentTargetsInParallel = 1;
				LastSwiftUpdateCheck = 1430;
				LastUpgradeCheck = 1430;
				TargetAttributes = {
					D882272329FCD47700698EAE = {
						CreatedOnToolsVersion = 14.3;
					};
				};
			};
			buildConfigurationList = D882271F29FCD47700698EAE /* Build configuration list for PBXProject "CourtCache" */;
			compatibilityVersion = "Xcode 14.0";
			developmentRegion = en;
			hasScannedForEncodings = 0;
			knownRegions = (
				en,
				Base,
			);
			mainGroup = D882271B29FCD47700698EAE;
			packageReferences = (
				D882273D29FD55E900698EAE /* XCRemoteSwiftPackageReference "firebase-ios-sdk" */,
			);
			productRefGroup = D882272529FCD47700698EAE /* Products */;
			projectDirPath = "";
			projectRoot = "";
			targets = (
				D882272329FCD47700698EAE /* CourtCache */,
			);
		};
/* End PBXProject section */

/* Begin PBXResourcesBuildPhase section */
		D882272229FCD47700698EAE /* Resources */ = {
			isa = PBXResourcesBuildPhase;
			buildActionMask = 2147483647;
			files = (
				D882273429FCD47800698EAE /* LaunchScreen.storyboard in Resources */,
				D882274B29FD645600698EAE /* GoogleService-Info.plist in Resources */,
				D882273129FCD47800698EAE /* Assets.xcassets in Resources */,
				D882272F29FCD47700698EAE /* Main.storyboard in Resources */,
			);
			runOnlyForDeploymentPostprocessing = 0;
		};
/* End PBXResourcesBuildPhase section */

/* Begin PBXSourcesBuildPhase section */
		D882272029FCD47700698EAE /* Sources */ = {
			isa = PBXSourcesBuildPhase;
			buildActionMask = 2147483647;
			files = (
				D882274729FD56BD00698EAE /* FirebaseController.swift in Sources */,
				D882272C29FCD47700698EAE /* TabBarController.swift in Sources */,
				D81679552A258B590005B7CE /* CardImageMetaData+CoreDataProperties.swift in Sources */,
				D8EF798A2A244608006A9D16 /* UserCollectionsTableViewController.swift in Sources */,
				D882272829FCD47700698EAE /* AppDelegate.swift in Sources */,
				D882274929FD5FCA00698EAE /* TeamsCollectionViewCell.swift in Sources */,
				D8CAE9A52A22550C0029C9FD /* LoginViewController.swift in Sources */,
				D8EF79802A23440A006A9D16 /* User.swift in Sources */,
				D8B9DA542A2882BD008BC6A9 /* ProfileImageMetaData+CoreDataProperties.swift in Sources */,
				D8CAE9A32A2254320029C9FD /* MulticasDelegate.swift in Sources */,
				D8EF79862A24449E006A9D16 /* AddCardViewController.swift in Sources */,
				D81679542A258B590005B7CE /* CardImageMetaData+CoreDataClass.swift in Sources */,
				D882273C29FD53BA00698EAE /* AllTeamsCollectionViewController.swift in Sources */,
				D8C2A1712A2A18050021B64A /* AccountTableViewCell.swift in Sources */,
				D8CAE9AC2A2258010029C9FD /* Card.swift in Sources */,
				D816794E2A25796D0005B7CE /* UserCollectionTableViewCell.swift in Sources */,
				D81679512A2587030005B7CE /* CardImageModel.xcdatamodeld in Sources */,
				D8C2A1752A2A20EE0021B64A /* ChangeDetailViewController.swift in Sources */,
				D8CAE9B02A225FA80029C9FD /* UIViewConExtension.swift in Sources */,
				D89BA76A2A262801008875A4 /* CardViewController.swift in Sources */,
				D882272A29FCD47700698EAE /* SceneDelegate.swift in Sources */,
				D8B9DA532A2882BD008BC6A9 /* ProfileImageMetaData+CoreDataClass.swift in Sources */,
				D8EF79842A23953F006A9D16 /* ProfileViewController.swift in Sources */,
				D816794A2A24800D0005B7CE /* HardCodedDetails.swift in Sources */,
				D8EF797E2A2321BF006A9D16 /* SignUpViewController.swift in Sources */,
				D8769E0E2A29ADFB00F6561B /* EditProfileViewController.swift in Sources */,
				D8CAE9A92A22575A0029C9FD /* DatabaseProtocol.swift in Sources */,
			);
			runOnlyForDeploymentPostprocessing = 0;
		};
/* End PBXSourcesBuildPhase section */

/* Begin PBXVariantGroup section */
		D882272D29FCD47700698EAE /* Main.storyboard */ = {
			isa = PBXVariantGroup;
			children = (
				D882272E29FCD47700698EAE /* Base */,
			);
			name = Main.storyboard;
			sourceTree = "<group>";
		};
		D882273229FCD47800698EAE /* LaunchScreen.storyboard */ = {
			isa = PBXVariantGroup;
			children = (
				D882273329FCD47800698EAE /* Base */,
			);
			name = LaunchScreen.storyboard;
			sourceTree = "<group>";
		};
/* End PBXVariantGroup section */

/* Begin XCBuildConfiguration section */
		D882273629FCD47800698EAE /* Debug */ = {
			isa = XCBuildConfiguration;
			buildSettings = {
				ALWAYS_SEARCH_USER_PATHS = NO;
				CLANG_ANALYZER_NONNULL = YES;
				CLANG_ANALYZER_NUMBER_OBJECT_CONVERSION = YES_AGGRESSIVE;
				CLANG_CXX_LANGUAGE_STANDARD = "gnu++20";
				CLANG_ENABLE_MODULES = YES;
				CLANG_ENABLE_OBJC_ARC = YES;
				CLANG_ENABLE_OBJC_WEAK = YES;
				CLANG_WARN_BLOCK_CAPTURE_AUTORELEASING = YES;
				CLANG_WARN_BOOL_CONVERSION = YES;
				CLANG_WARN_COMMA = YES;
				CLANG_WARN_CONSTANT_CONVERSION = YES;
				CLANG_WARN_DEPRECATED_OBJC_IMPLEMENTATIONS = YES;
				CLANG_WARN_DIRECT_OBJC_ISA_USAGE = YES_ERROR;
				CLANG_WARN_DOCUMENTATION_COMMENTS = YES;
				CLANG_WARN_EMPTY_BODY = YES;
				CLANG_WARN_ENUM_CONVERSION = YES;
				CLANG_WARN_INFINITE_RECURSION = YES;
				CLANG_WARN_INT_CONVERSION = YES;
				CLANG_WARN_NON_LITERAL_NULL_CONVERSION = YES;
				CLANG_WARN_OBJC_IMPLICIT_RETAIN_SELF = YES;
				CLANG_WARN_OBJC_LITERAL_CONVERSION = YES;
				CLANG_WARN_OBJC_ROOT_CLASS = YES_ERROR;
				CLANG_WARN_QUOTED_INCLUDE_IN_FRAMEWORK_HEADER = YES;
				CLANG_WARN_RANGE_LOOP_ANALYSIS = YES;
				CLANG_WARN_STRICT_PROTOTYPES = YES;
				CLANG_WARN_SUSPICIOUS_MOVE = YES;
				CLANG_WARN_UNGUARDED_AVAILABILITY = YES_AGGRESSIVE;
				CLANG_WARN_UNREACHABLE_CODE = YES;
				CLANG_WARN__DUPLICATE_METHOD_MATCH = YES;
				COPY_PHASE_STRIP = NO;
				DEBUG_INFORMATION_FORMAT = dwarf;
				ENABLE_STRICT_OBJC_MSGSEND = YES;
				ENABLE_TESTABILITY = YES;
				GCC_C_LANGUAGE_STANDARD = gnu11;
				GCC_DYNAMIC_NO_PIC = NO;
				GCC_NO_COMMON_BLOCKS = YES;
				GCC_OPTIMIZATION_LEVEL = 0;
				GCC_PREPROCESSOR_DEFINITIONS = (
					"DEBUG=1",
					"$(inherited)",
				);
				GCC_WARN_64_TO_32_BIT_CONVERSION = YES;
				GCC_WARN_ABOUT_RETURN_TYPE = YES_ERROR;
				GCC_WARN_UNDECLARED_SELECTOR = YES;
				GCC_WARN_UNINITIALIZED_AUTOS = YES_AGGRESSIVE;
				GCC_WARN_UNUSED_FUNCTION = YES;
				GCC_WARN_UNUSED_VARIABLE = YES;
				IPHONEOS_DEPLOYMENT_TARGET = 16.4;
				MTL_ENABLE_DEBUG_INFO = INCLUDE_SOURCE;
				MTL_FAST_MATH = YES;
				ONLY_ACTIVE_ARCH = YES;
				SDKROOT = iphoneos;
				SWIFT_ACTIVE_COMPILATION_CONDITIONS = DEBUG;
				SWIFT_OPTIMIZATION_LEVEL = "-Onone";
			};
			name = Debug;
		};
		D882273729FCD47800698EAE /* Release */ = {
			isa = XCBuildConfiguration;
			buildSettings = {
				ALWAYS_SEARCH_USER_PATHS = NO;
				CLANG_ANALYZER_NONNULL = YES;
				CLANG_ANALYZER_NUMBER_OBJECT_CONVERSION = YES_AGGRESSIVE;
				CLANG_CXX_LANGUAGE_STANDARD = "gnu++20";
				CLANG_ENABLE_MODULES = YES;
				CLANG_ENABLE_OBJC_ARC = YES;
				CLANG_ENABLE_OBJC_WEAK = YES;
				CLANG_WARN_BLOCK_CAPTURE_AUTORELEASING = YES;
				CLANG_WARN_BOOL_CONVERSION = YES;
				CLANG_WARN_COMMA = YES;
				CLANG_WARN_CONSTANT_CONVERSION = YES;
				CLANG_WARN_DEPRECATED_OBJC_IMPLEMENTATIONS = YES;
				CLANG_WARN_DIRECT_OBJC_ISA_USAGE = YES_ERROR;
				CLANG_WARN_DOCUMENTATION_COMMENTS = YES;
				CLANG_WARN_EMPTY_BODY = YES;
				CLANG_WARN_ENUM_CONVERSION = YES;
				CLANG_WARN_INFINITE_RECURSION = YES;
				CLANG_WARN_INT_CONVERSION = YES;
				CLANG_WARN_NON_LITERAL_NULL_CONVERSION = YES;
				CLANG_WARN_OBJC_IMPLICIT_RETAIN_SELF = YES;
				CLANG_WARN_OBJC_LITERAL_CONVERSION = YES;
				CLANG_WARN_OBJC_ROOT_CLASS = YES_ERROR;
				CLANG_WARN_QUOTED_INCLUDE_IN_FRAMEWORK_HEADER = YES;
				CLANG_WARN_RANGE_LOOP_ANALYSIS = YES;
				CLANG_WARN_STRICT_PROTOTYPES = YES;
				CLANG_WARN_SUSPICIOUS_MOVE = YES;
				CLANG_WARN_UNGUARDED_AVAILABILITY = YES_AGGRESSIVE;
				CLANG_WARN_UNREACHABLE_CODE = YES;
				CLANG_WARN__DUPLICATE_METHOD_MATCH = YES;
				COPY_PHASE_STRIP = NO;
				DEBUG_INFORMATION_FORMAT = "dwarf-with-dsym";
				ENABLE_NS_ASSERTIONS = NO;
				ENABLE_STRICT_OBJC_MSGSEND = YES;
				GCC_C_LANGUAGE_STANDARD = gnu11;
				GCC_NO_COMMON_BLOCKS = YES;
				GCC_WARN_64_TO_32_BIT_CONVERSION = YES;
				GCC_WARN_ABOUT_RETURN_TYPE = YES_ERROR;
				GCC_WARN_UNDECLARED_SELECTOR = YES;
				GCC_WARN_UNINITIALIZED_AUTOS = YES_AGGRESSIVE;
				GCC_WARN_UNUSED_FUNCTION = YES;
				GCC_WARN_UNUSED_VARIABLE = YES;
				IPHONEOS_DEPLOYMENT_TARGET = 16.4;
				MTL_ENABLE_DEBUG_INFO = NO;
				MTL_FAST_MATH = YES;
				SDKROOT = iphoneos;
				SWIFT_COMPILATION_MODE = wholemodule;
				SWIFT_OPTIMIZATION_LEVEL = "-O";
				VALIDATE_PRODUCT = YES;
			};
			name = Release;
		};
		D882273929FCD47800698EAE /* Debug */ = {
			isa = XCBuildConfiguration;
			buildSettings = {
				ASSETCATALOG_COMPILER_APPICON_NAME = AppIcon;
				ASSETCATALOG_COMPILER_GLOBAL_ACCENT_COLOR_NAME = AccentColor;
				CODE_SIGN_STYLE = Automatic;
				CURRENT_PROJECT_VERSION = 1;
				DEVELOPMENT_TEAM = VYTRK8Y2NU;
				GENERATE_INFOPLIST_FILE = YES;
				INFOPLIST_FILE = CourtCache/Info.plist;
				INFOPLIST_KEY_UIApplicationSupportsIndirectInputEvents = YES;
				INFOPLIST_KEY_UILaunchStoryboardName = LaunchScreen;
				INFOPLIST_KEY_UIMainStoryboardFile = Main;
				INFOPLIST_KEY_UISupportedInterfaceOrientations_iPad = "UIInterfaceOrientationPortrait UIInterfaceOrientationPortraitUpsideDown UIInterfaceOrientationLandscapeLeft UIInterfaceOrientationLandscapeRight";
				INFOPLIST_KEY_UISupportedInterfaceOrientations_iPhone = "UIInterfaceOrientationPortrait UIInterfaceOrientationLandscapeLeft UIInterfaceOrientationLandscapeRight";
				LD_RUNPATH_SEARCH_PATHS = (
					"$(inherited)",
					"@executable_path/Frameworks",
				);
				MARKETING_VERSION = 1.0;
				PRODUCT_BUNDLE_IDENTIFIER = com.YuXuan.CourtCache;
				PRODUCT_NAME = "$(TARGET_NAME)";
				SWIFT_EMIT_LOC_STRINGS = YES;
				SWIFT_VERSION = 5.0;
				TARGETED_DEVICE_FAMILY = "1,2";
			};
			name = Debug;
		};
		D882273A29FCD47800698EAE /* Release */ = {
			isa = XCBuildConfiguration;
			buildSettings = {
				ASSETCATALOG_COMPILER_APPICON_NAME = AppIcon;
				ASSETCATALOG_COMPILER_GLOBAL_ACCENT_COLOR_NAME = AccentColor;
				CODE_SIGN_STYLE = Automatic;
				CURRENT_PROJECT_VERSION = 1;
				DEVELOPMENT_TEAM = VYTRK8Y2NU;
				GENERATE_INFOPLIST_FILE = YES;
				INFOPLIST_FILE = CourtCache/Info.plist;
				INFOPLIST_KEY_UIApplicationSupportsIndirectInputEvents = YES;
				INFOPLIST_KEY_UILaunchStoryboardName = LaunchScreen;
				INFOPLIST_KEY_UIMainStoryboardFile = Main;
				INFOPLIST_KEY_UISupportedInterfaceOrientations_iPad = "UIInterfaceOrientationPortrait UIInterfaceOrientationPortraitUpsideDown UIInterfaceOrientationLandscapeLeft UIInterfaceOrientationLandscapeRight";
				INFOPLIST_KEY_UISupportedInterfaceOrientations_iPhone = "UIInterfaceOrientationPortrait UIInterfaceOrientationLandscapeLeft UIInterfaceOrientationLandscapeRight";
				LD_RUNPATH_SEARCH_PATHS = (
					"$(inherited)",
					"@executable_path/Frameworks",
				);
				MARKETING_VERSION = 1.0;
				PRODUCT_BUNDLE_IDENTIFIER = com.YuXuan.CourtCache;
				PRODUCT_NAME = "$(TARGET_NAME)";
				SWIFT_EMIT_LOC_STRINGS = YES;
				SWIFT_VERSION = 5.0;
				TARGETED_DEVICE_FAMILY = "1,2";
			};
			name = Release;
		};
/* End XCBuildConfiguration section */

/* Begin XCConfigurationList section */
		D882271F29FCD47700698EAE /* Build configuration list for PBXProject "CourtCache" */ = {
			isa = XCConfigurationList;
			buildConfigurations = (
				D882273629FCD47800698EAE /* Debug */,
				D882273729FCD47800698EAE /* Release */,
			);
			defaultConfigurationIsVisible = 0;
			defaultConfigurationName = Release;
		};
		D882273829FCD47800698EAE /* Build configuration list for PBXNativeTarget "CourtCache" */ = {
			isa = XCConfigurationList;
			buildConfigurations = (
				D882273929FCD47800698EAE /* Debug */,
				D882273A29FCD47800698EAE /* Release */,
			);
			defaultConfigurationIsVisible = 0;
			defaultConfigurationName = Release;
		};
/* End XCConfigurationList section */

/* Begin XCRemoteSwiftPackageReference section */
		D882273D29FD55E900698EAE /* XCRemoteSwiftPackageReference "firebase-ios-sdk" */ = {
			isa = XCRemoteSwiftPackageReference;
			repositoryURL = "https://github.com/firebase/firebase-ios-sdk.git";
			requirement = {
				kind = upToNextMajorVersion;
				minimumVersion = 10.0.0;
			};
		};
/* End XCRemoteSwiftPackageReference section */

/* Begin XCSwiftPackageProductDependency section */
		D882273E29FD55E900698EAE /* FirebaseAuth */ = {
			isa = XCSwiftPackageProductDependency;
			package = D882273D29FD55E900698EAE /* XCRemoteSwiftPackageReference "firebase-ios-sdk" */;
			productName = FirebaseAuth;
		};
		D882274029FD55E900698EAE /* FirebaseFirestore */ = {
			isa = XCSwiftPackageProductDependency;
			package = D882273D29FD55E900698EAE /* XCRemoteSwiftPackageReference "firebase-ios-sdk" */;
			productName = FirebaseFirestore;
		};
		D882274229FD55E900698EAE /* FirebaseFirestoreSwift */ = {
			isa = XCSwiftPackageProductDependency;
			package = D882273D29FD55E900698EAE /* XCRemoteSwiftPackageReference "firebase-ios-sdk" */;
			productName = FirebaseFirestoreSwift;
		};
		D882274429FD55E900698EAE /* FirebaseStorage */ = {
			isa = XCSwiftPackageProductDependency;
			package = D882273D29FD55E900698EAE /* XCRemoteSwiftPackageReference "firebase-ios-sdk" */;
			productName = FirebaseStorage;
		};
/* End XCSwiftPackageProductDependency section */

/* Begin XCVersionGroup section */
		D816794F2A2587030005B7CE /* CardImageModel.xcdatamodeld */ = {
			isa = XCVersionGroup;
			children = (
				D81679502A2587030005B7CE /* CardImageModel.xcdatamodel */,
			);
			currentVersion = D81679502A2587030005B7CE /* CardImageModel.xcdatamodel */;
			path = CardImageModel.xcdatamodeld;
			sourceTree = "<group>";
			versionGroupType = wrapper.xcdatamodel;
		};
/* End XCVersionGroup section */
	};
	rootObject = D882271C29FCD47700698EAE /* Project object */;
}
